
Microsoft Visual Studio Solution File, Format Version 12.00
# Visual Studio Version 17
VisualStudioVersion = 17.0.31903.59
MinimumVisualStudioVersion = 10.0.40219.1
Project("{2150E333-8FDC-42A3-9474-1A3956D46DE8}") = "src", "src", "{827E0CD3-B72D-47B6-A68D-7590B98EB39B}"
EndProject
Project("{FAE04EC0-301F-11D3-BF4B-00C04F79EFBC}") = "yEdit.Accessibility", "src\yEdit.Accessibility\yEdit.Accessibility.csproj", "{9B878587-ED2D-402A-AF14-BD9AD63DD735}"
EndProject
Project("{FAE04EC0-301F-11D3-BF4B-00C04F79EFBC}") = "yEdit.Core", "src\yEdit.Core\yEdit.Core.csproj", "{086FE139-A9E2-4FBE-B71F-6E5886B2466B}"
EndProject
Project("{2150E333-8FDC-42A3-9474-1A3956D46DE8}") = "tests", "tests", "{0AB3BF05-4346-4AA6-1389-037BE0695223}"
EndProject
Project("{FAE04EC0-301F-11D3-BF4B-00C04F79EFBC}") = "yEdit.Core.Tests", "tests\yEdit.Core.Tests\yEdit.Core.Tests.csproj", "{C3626484-554D-4734-BCC6-FE18DBD612D2}"
EndProject
Project("{FAE04EC0-301F-11D3-BF4B-00C04F79EFBC}") = "yEdit.Editor", "src\yEdit.Editor\yEdit.Editor.csproj", "{FE760C43-59BC-46A1-A18D-80A2025529C9}"
EndProject
Project("{FAE04EC0-301F-11D3-BF4B-00C04F79EFBC}") = "yEdit.App", "src\yEdit.App\yEdit.App.csproj", "{5E033980-5380-4297-9DE5-7A3A75576378}"
EndProject
Project("{FAE04EC0-301F-11D3-BF4B-00C04F79EFBC}") = "yEdit.Core.Bench", "tests\yEdit.Core.Bench\yEdit.Core.Bench.csproj", "{9F2D43E5-27BD-49B9-9B16-6933A1E9C927}"
EndProject
Project("{FAE04EC0-301F-11D3-BF4B-00C04F79EFBC}") = "yEdit.Editor.Smoke", "tests\yEdit.Editor.Smoke\yEdit.Editor.Smoke.csproj", "{983C9A4C-019E-4BCA-8B60-F89628806C77}"
EndProject
Project("{FAE04EC0-301F-11D3-BF4B-00C04F79EFBC}") = "yEdit.Editor.Tests", "tests\yEdit.Editor.Tests\yEdit.Editor.Tests.csproj", "{05639F41-8201-4D23-8038-DEAD381EFDA9}"
EndProject
Project("{FAE04EC0-301F-11D3-BF4B-00C04F79EFBC}") = "yEdit.App.Tests", "tests\yEdit.App.Tests\yEdit.App.Tests.csproj", "{E96D1A88-2EA1-44B4-B167-C5CCDC1912CB}"
EndProject
Global
	GlobalSection(SolutionConfigurationPlatforms) = preSolution
		Debug|Any CPU = Debug|Any CPU
		Debug|x64 = Debug|x64
		Debug|x86 = Debug|x86
		Release|Any CPU = Release|Any CPU
		Release|x64 = Release|x64
		Release|x86 = Release|x86
	EndGlobalSection
	GlobalSection(ProjectConfigurationPlatforms) = postSolution
		{9B878587-ED2D-402A-AF14-BD9AD63DD735}.Debug|Any CPU.ActiveCfg = Debug|Any CPU
		{9B878587-ED2D-402A-AF14-BD9AD63DD735}.Debug|Any CPU.Build.0 = Debug|Any CPU
		{9B878587-ED2D-402A-AF14-BD9AD63DD735}.Debug|x64.ActiveCfg = Debug|Any CPU
		{9B878587-ED2D-402A-AF14-BD9AD63DD735}.Debug|x64.Build.0 = Debug|Any CPU
		{9B878587-ED2D-402A-AF14-BD9AD63DD735}.Debug|x86.ActiveCfg = Debug|Any CPU
		{9B878587-ED2D-402A-AF14-BD9AD63DD735}.Debug|x86.Build.0 = Debug|Any CPU
		{9B878587-ED2D-402A-AF14-BD9AD63DD735}.Release|Any CPU.ActiveCfg = Release|Any CPU
		{9B878587-ED2D-402A-AF14-BD9AD63DD735}.Release|Any CPU.Build.0 = Release|Any CPU
		{9B878587-ED2D-402A-AF14-BD9AD63DD735}.Release|x64.ActiveCfg = Release|Any CPU
		{9B878587-ED2D-402A-AF14-BD9AD63DD735}.Release|x64.Build.0 = Release|Any CPU
		{9B878587-ED2D-402A-AF14-BD9AD63DD735}.Release|x86.ActiveCfg = Release|Any CPU
		{9B878587-ED2D-402A-AF14-BD9AD63DD735}.Release|x86.Build.0 = Release|Any CPU
		{086FE139-A9E2-4FBE-B71F-6E5886B2466B}.Debug|Any CPU.ActiveCfg = Debug|Any CPU
		{086FE139-A9E2-4FBE-B71F-6E5886B2466B}.Debug|Any CPU.Build.0 = Debug|Any CPU
		{086FE139-A9E2-4FBE-B71F-6E5886B2466B}.Debug|x64.ActiveCfg = Debug|Any CPU
		{086FE139-A9E2-4FBE-B71F-6E5886B2466B}.Debug|x64.Build.0 = Debug|Any CPU
		{086FE139-A9E2-4FBE-B71F-6E5886B2466B}.Debug|x86.ActiveCfg = Debug|Any CPU
		{086FE139-A9E2-4FBE-B71F-6E5886B2466B}.Debug|x86.Build.0 = Debug|Any CPU
		{086FE139-A9E2-4FBE-B71F-6E5886B2466B}.Release|Any CPU.ActiveCfg = Release|Any CPU
		{086FE139-A9E2-4FBE-B71F-6E5886B2466B}.Release|Any CPU.Build.0 = Release|Any CPU
		{086FE139-A9E2-4FBE-B71F-6E5886B2466B}.Release|x64.ActiveCfg = Release|Any CPU
		{086FE139-A9E2-4FBE-B71F-6E5886B2466B}.Release|x64.Build.0 = Release|Any CPU
		{086FE139-A9E2-4FBE-B71F-6E5886B2466B}.Release|x86.ActiveCfg = Release|Any CPU
		{086FE139-A9E2-4FBE-B71F-6E5886B2466B}.Release|x86.Build.0 = Release|Any CPU
		{C3626484-554D-4734-BCC6-FE18DBD612D2}.Debug|Any CPU.ActiveCfg = Debug|Any CPU
		{C3626484-554D-4734-BCC6-FE18DBD612D2}.Debug|Any CPU.Build.0 = Debug|Any CPU
		{C3626484-554D-4734-BCC6-FE18DBD612D2}.Debug|x64.ActiveCfg = Debug|Any CPU
		{C3626484-554D-4734-BCC6-FE18DBD612D2}.Debug|x64.Build.0 = Debug|Any CPU
		{C3626484-554D-4734-BCC6-FE18DBD612D2}.Debug|x86.ActiveCfg = Debug|Any CPU
		{C3626484-554D-4734-BCC6-FE18DBD612D2}.Debug|x86.Build.0 = Debug|Any CPU
		{C3626484-554D-4734-BCC6-FE18DBD612D2}.Release|Any CPU.ActiveCfg = Release|Any CPU
		{C3626484-554D-4734-BCC6-FE18DBD612D2}.Release|Any CPU.Build.0 = Release|Any CPU
		{C3626484-554D-4734-BCC6-FE18DBD612D2}.Release|x64.ActiveCfg = Release|Any CPU
		{C3626484-554D-4734-BCC6-FE18DBD612D2}.Release|x64.Build.0 = Release|Any CPU
		{C3626484-554D-4734-BCC6-FE18DBD612D2}.Release|x86.ActiveCfg = Release|Any CPU
		{C3626484-554D-4734-BCC6-FE18DBD612D2}.Release|x86.Build.0 = Release|Any CPU
		{FE760C43-59BC-46A1-A18D-80A2025529C9}.Debug|Any CPU.ActiveCfg = Debug|Any CPU
		{FE760C43-59BC-46A1-A18D-80A2025529C9}.Debug|Any CPU.Build.0 = Debug|Any CPU
		{FE760C43-59BC-46A1-A18D-80A2025529C9}.Debug|x64.ActiveCfg = Debug|Any CPU
		{FE760C43-59BC-46A1-A18D-80A2025529C9}.Debug|x64.Build.0 = Debug|Any CPU
		{FE760C43-59BC-46A1-A18D-80A2025529C9}.Debug|x86.ActiveCfg = Debug|Any CPU
		{FE760C43-59BC-46A1-A18D-80A2025529C9}.Debug|x86.Build.0 = Debug|Any CPU
		{FE760C43-59BC-46A1-A18D-80A2025529C9}.Release|Any CPU.ActiveCfg = Release|Any CPU
		{FE760C43-59BC-46A1-A18D-80A2025529C9}.Release|Any CPU.Build.0 = Release|Any CPU
		{FE760C43-59BC-46A1-A18D-80A2025529C9}.Release|x64.ActiveCfg = Release|Any CPU
		{FE760C43-59BC-46A1-A18D-80A2025529C9}.Release|x64.Build.0 = Release|Any CPU
		{FE760C43-59BC-46A1-A18D-80A2025529C9}.Release|x86.ActiveCfg = Release|Any CPU
		{FE760C43-59BC-46A1-A18D-80A2025529C9}.Release|x86.Build.0 = Release|Any CPU
		{5E033980-5380-4297-9DE5-7A3A75576378}.Debug|Any CPU.ActiveCfg = Debug|Any CPU
		{5E033980-5380-4297-9DE5-7A3A75576378}.Debug|Any CPU.Build.0 = Debug|Any CPU
		{5E033980-5380-4297-9DE5-7A3A75576378}.Debug|x64.ActiveCfg = Debug|Any CPU
		{5E033980-5380-4297-9DE5-7A3A75576378}.Debug|x64.Build.0 = Debug|Any CPU
		{5E033980-5380-4297-9DE5-7A3A75576378}.Debug|x86.ActiveCfg = Debug|Any CPU
		{5E033980-5380-4297-9DE5-7A3A75576378}.Debug|x86.Build.0 = Debug|Any CPU
		{5E033980-5380-4297-9DE5-7A3A75576378}.Release|Any CPU.ActiveCfg = Release|Any CPU
		{5E033980-5380-4297-9DE5-7A3A75576378}.Release|Any CPU.Build.0 = Release|Any CPU
		{5E033980-5380-4297-9DE5-7A3A75576378}.Release|x64.ActiveCfg = Release|Any CPU
		{5E033980-5380-4297-9DE5-7A3A75576378}.Release|x64.Build.0 = Release|Any CPU
		{5E033980-5380-4297-9DE5-7A3A75576378}.Release|x86.ActiveCfg = Release|Any CPU
		{5E033980-5380-4297-9DE5-7A3A75576378}.Release|x86.Build.0 = Release|Any CPU
		{9F2D43E5-27BD-49B9-9B16-6933A1E9C927}.Debug|Any CPU.ActiveCfg = Debug|Any CPU
		{9F2D43E5-27BD-49B9-9B16-6933A1E9C927}.Debug|Any CPU.Build.0 = Debug|Any CPU
		{9F2D43E5-27BD-49B9-9B16-6933A1E9C927}.Debug|x64.ActiveCfg = Debug|Any CPU
		{9F2D43E5-27BD-49B9-9B16-6933A1E9C927}.Debug|x64.Build.0 = Debug|Any CPU
		{9F2D43E5-27BD-49B9-9B16-6933A1E9C927}.Debug|x86.ActiveCfg = Debug|Any CPU
		{9F2D43E5-27BD-49B9-9B16-6933A1E9C927}.Debug|x86.Build.0 = Debug|Any CPU
		{9F2D43E5-27BD-49B9-9B16-6933A1E9C927}.Release|Any CPU.ActiveCfg = Release|Any CPU
		{9F2D43E5-27BD-49B9-9B16-6933A1E9C927}.Release|Any CPU.Build.0 = Release|Any CPU
		{9F2D43E5-27BD-49B9-9B16-6933A1E9C927}.Release|x64.ActiveCfg = Release|Any CPU
		{9F2D43E5-27BD-49B9-9B16-6933A1E9C927}.Release|x64.Build.0 = Release|Any CPU
		{9F2D43E5-27BD-49B9-9B16-6933A1E9C927}.Release|x86.ActiveCfg = Release|Any CPU
		{9F2D43E5-27BD-49B9-9B16-6933A1E9C927}.Release|x86.Build.0 = Release|Any CPU
		{983C9A4C-019E-4BCA-8B60-F89628806C77}.Debug|Any CPU.ActiveCfg = Debug|Any CPU
		{983C9A4C-019E-4BCA-8B60-F89628806C77}.Debug|Any CPU.Build.0 = Debug|Any CPU
		{983C9A4C-019E-4BCA-8B60-F89628806C77}.Debug|x64.ActiveCfg = Debug|Any CPU
		{983C9A4C-019E-4BCA-8B60-F89628806C77}.Debug|x64.Build.0 = Debug|Any CPU
		{983C9A4C-019E-4BCA-8B60-F89628806C77}.Debug|x86.ActiveCfg = Debug|Any CPU
		{983C9A4C-019E-4BCA-8B60-F89628806C77}.Debug|x86.Build.0 = Debug|Any CPU
		{983C9A4C-019E-4BCA-8B60-F89628806C77}.Release|Any CPU.ActiveCfg = Release|Any CPU
		{983C9A4C-019E-4BCA-8B60-F89628806C77}.Release|Any CPU.Build.0 = Release|Any CPU
		{983C9A4C-019E-4BCA-8B60-F89628806C77}.Release|x64.ActiveCfg = Release|Any CPU
		{983C9A4C-019E-4BCA-8B60-F89628806C77}.Release|x64.Build.0 = Release|Any CPU
		{983C9A4C-019E-4BCA-8B60-F89628806C77}.Release|x86.ActiveCfg = Release|Any CPU
		{983C9A4C-019E-4BCA-8B60-F89628806C77}.Release|x86.Build.0 = Release|Any CPU
		{05639F41-8201-4D23-8038-DEAD381EFDA9}.Debug|Any CPU.ActiveCfg = Debug|Any CPU
		{05639F41-8201-4D23-8038-DEAD381EFDA9}.Debug|Any CPU.Build.0 = Debug|Any CPU
		{05639F41-8201-4D23-8038-DEAD381EFDA9}.Debug|x64.ActiveCfg = Debug|Any CPU
		{05639F41-8201-4D23-8038-DEAD381EFDA9}.Debug|x64.Build.0 = Debug|Any CPU
		{05639F41-8201-4D23-8038-DEAD381EFDA9}.Debug|x86.ActiveCfg = Debug|Any CPU
		{05639F41-8201-4D23-8038-DEAD381EFDA9}.Debug|x86.Build.0 = Debug|Any CPU
		{05639F41-8201-4D23-8038-DEAD381EFDA9}.Release|Any CPU.ActiveCfg = Release|Any CPU
		{05639F41-8201-4D23-8038-DEAD381EFDA9}.Release|Any CPU.Build.0 = Release|Any CPU
		{05639F41-8201-4D23-8038-DEAD381EFDA9}.Release|x64.ActiveCfg = Release|Any CPU
		{05639F41-8201-4D23-8038-DEAD381EFDA9}.Release|x64.Build.0 = Release|Any CPU
		{05639F41-8201-4D23-8038-DEAD381EFDA9}.Release|x86.ActiveCfg = Release|Any CPU
		{05639F41-8201-4D23-8038-DEAD381EFDA9}.Release|x86.Build.0 = Release|Any CPU
		{E96D1A88-2EA1-44B4-B167-C5CCDC1912CB}.Debug|Any CPU.ActiveCfg = Debug|Any CPU
		{E96D1A88-2EA1-44B4-B167-C5CCDC1912CB}.Debug|Any CPU.Build.0 = Debug|Any CPU
		{E96D1A88-2EA1-44B4-B167-C5CCDC1912CB}.Debug|x64.ActiveCfg = Debug|Any CPU
		{E96D1A88-2EA1-44B4-B167-C5CCDC1912CB}.Debug|x64.Build.0 = Debug|Any CPU
		{E96D1A88-2EA1-44B4-B167-C5CCDC1912CB}.Debug|x86.ActiveCfg = Debug|Any CPU
		{E96D1A88-2EA1-44B4-B167-C5CCDC1912CB}.Debug|x86.Build.0 = Debug|Any CPU
		{E96D1A88-2EA1-44B4-B167-C5CCDC1912CB}.Release|Any CPU.ActiveCfg = Release|Any CPU
		{E96D1A88-2EA1-44B4-B167-C5CCDC1912CB}.Release|Any CPU.Build.0 = Release|Any CPU
		{E96D1A88-2EA1-44B4-B167-C5CCDC1912CB}.Release|x64.ActiveCfg = Release|Any CPU
		{E96D1A88-2EA1-44B4-B167-C5CCDC1912CB}.Release|x64.Build.0 = Release|Any CPU
		{E96D1A88-2EA1-44B4-B167-C5CCDC1912CB}.Release|x86.ActiveCfg = Release|Any CPU
		{E96D1A88-2EA1-44B4-B167-C5CCDC1912CB}.Release|x86.Build.0 = Release|Any CPU
	EndGlobalSection
	GlobalSection(SolutionProperties) = preSolution
		HideSolutionNode = FALSE
	EndGlobalSection
	GlobalSection(NestedProjects) = preSolution
		{9B878587-ED2D-402A-AF14-BD9AD63DD735} = {827E0CD3-B72D-47B6-A68D-7590B98EB39B}
		{086FE139-A9E2-4FBE-B71F-6E5886B2466B} = {827E0CD3-B72D-47B6-A68D-7590B98EB39B}
		{C3626484-554D-4734-BCC6-FE18DBD612D2} = {0AB3BF05-4346-4AA6-1389-037BE0695223}
		{FE760C43-59BC-46A1-A18D-80A2025529C9} = {827E0CD3-B72D-47B6-A68D-7590B98EB39B}
		{5E033980-5380-4297-9DE5-7A3A75576378} = {827E0CD3-B72D-47B6-A68D-7590B98EB39B}
		{9F2D43E5-27BD-49B9-9B16-6933A1E9C927} = {0AB3BF05-4346-4AA6-1389-037BE0695223}
		{983C9A4C-019E-4BCA-8B60-F89628806C77} = {0AB3BF05-4346-4AA6-1389-037BE0695223}
		{05639F41-8201-4D23-8038-DEAD381EFDA9} = {0AB3BF05-4346-4AA6-1389-037BE0695223}
		{E96D1A88-2EA1-44B4-B167-C5CCDC1912CB} = {0AB3BF05-4346-4AA6-1389-037BE0695223}
	EndGlobalSection
EndGlobal
